Microsoft Visual Studio Solution File, Format Version 12.00
# Visual Studio 2012
Project("{FAE04EC0-301F-11D3-BF4B-00C04F79EFBC}") = "Utopzee", "Utopzee.csproj", "{090BDFAD-6420-4042-9E96-E2F01809336F}"
EndProject
Global
	GlobalSection(SolutionConfigurationPlatforms) = preSolution
	Debug|Any CPU = Debug|Any CPU
	ExportDebug|Any CPU = ExportDebug|Any CPU
	ExportRelease|Any CPU = ExportRelease|Any CPU
	EndGlobalSection
	GlobalSection(ProjectConfigurationPlatforms) = postSolution
		{090BDFAD-6420-4042-9E96-E2F01809336F}.Debug|Any CPU.ActiveCfg = Debug|Any CPU
		{090BDFAD-6420-4042-9E96-E2F01809336F}.Debug|Any CPU.Build.0 = Debug|Any CPU
		{090BDFAD-6420-4042-9E96-E2F01809336F}.ExportDebug|Any CPU.ActiveCfg = ExportDebug|Any CPU
		{090BDFAD-6420-4042-9E96-E2F01809336F}.ExportDebug|Any CPU.Build.0 = ExportDebug|Any CPU
		{090BDFAD-6420-4042-9E96-E2F01809336F}.ExportRelease|Any CPU.ActiveCfg = ExportRelease|Any CPU
		{090BDFAD-6420-4042-9E96-E2F01809336F}.ExportRelease|Any CPU.Build.0 = ExportRelease|Any CPU
	EndGlobalSection
EndGlobal
